lockfileVersion: '6.0'

settings:
  autoInstallPeers: true
  excludeLinksFromLockfile: false

dependencies:
  emoticon:
    specifier: ^3.2.0
    version: 3.2.0
  gemoji:
    specifier: ^5.0.0
    version: 5.0.0
  plist:
    specifier: ^3.0.5
    version: 3.0.5

packages:

  /base64-js@1.5.1:
    resolution: {integrity: sha512-AKpaYlHn8t4SVbOHCy+b5+KKgvR4vrsD8vbvrbiQJps7fKDTkjkDry6ji0rUJjC0kzbNePLwzxq8iypo41qeWA==}
    dev: false

  /emoticon@3.2.0:
    resolution: {integrity: sha512-SNujglcLTTg+lDAcApPNgEdudaqQFiAbJCqzjNxJkvN9vAwCGi0uu8IUVvx+f16h+V44KCY6Y2yboroc9pilHg==}
    dev: false

  /gemoji@5.0.0:
    resolution: {integrity: sha512-Jy/K6KuJXsa4uQo/jFGimw5SKhoOY04KYTyteLh1r++73UQn8g4AA4TSe+7SXUkHGR60JHbYxJxVaNJsRX0Ddg==}
    dev: false

  /plist@3.0.5:
    resolution: {integrity: sha512-83vX4eYdQp3vP9SxuYgEM/G/pJQqLUz/V/xzPrzruLs7fz7jxGQ1msZ/mg1nwZxUSuOp4sb+/bEIbRrbzZRxDA==}
    engines: {node: '>=6'}
    dependencies:
      base64-js: 1.5.1
      xmlbuilder: 9.0.7
    dev: false

  /xmlbuilder@9.0.7:
    resolution: {integrity: sha512-7YXTQc3P2l9+0rjaUbLwMKRhtmwg1M1eDf6nag7urC7pIPYLD9W/jmzQ4ptRSUbodw5S0jfoGTflLemQibSpeQ==}
    engines: {node: '>=4.0'}
    dev: false
